{
  "requires": true,
  "lockfileVersion": 1,
  "dependencies": {
    "monaco-editor": {
      "version": "0.20.0",
      "resolved": "https://registry.npm.taobao.org/monaco-editor/download/monaco-editor-0.20.0.tgz?cache=0&other_urls=https%3A%2F%2Fregistry.npm.taobao.org%2Fmonaco-editor%2Fdownload%2Fmonaco-editor-0.20.0.tgz",
      "integrity": "sha1-XVAJNDpVASRCbLTZZaTSejSLTeo="
    }
  }
}
